# THIS IS AN AUTOGENERATED FILE. DO NOT EDIT THIS FILE DIRECTLY.
# yarn lockfile v1


"@types/color-name@^1.1.1":
  version "1.1.1"
  resolved "http://npm.guazi-corp.com:4873/@types%2fcolor-name/-/color-name-1.1.1.tgz#1c1261bbeaa10a8055bbc5d8ab84b7b2afc846a0"
  integrity sha1-HBJhu+qhCoBVu8XYq4S3sq/IRqA=

"@types/node@^12.12.17":
  version "12.12.17"
  resolved "http://npm.guazi-corp.com:4873/@types%2fnode/-/node-12.12.17.tgz#191b71e7f4c325ee0fb23bc4a996477d92b8c39b"
  integrity sha1-GRtx5/TDJe4PsjvEqZZHfZK4w5s=

ansi-styles@^4.1.0:
  version "4.2.0"
  resolved "http://npm.guazi-corp.com:4873/ansi-styles/-/ansi-styles-4.2.0.tgz#5681f0dcf7ae5880a7841d8831c4724ed9cc0172"
  integrity sha1-VoHw3PeuWICnhB2IMcRyTtnMAXI=
  dependencies:
    "@types/color-name" "^1.1.1"
    color-convert "^2.0.1"

chalk@^3.0.0:
  version "3.0.0"
  resolved "http://npm.guazi-corp.com:4873/chalk/-/chalk-3.0.0.tgz#3f73c2bf526591f574cc492c51e2456349f844e4"
  integrity sha1-P3PCv1JlkfV0zEksUeJFY0n4ROQ=
  dependencies:
    ansi-styles "^4.1.0"
    supports-color "^7.1.0"

color-convert@^2.0.1:
  version "2.0.1"
  resolved "http://npm.guazi-corp.com:4873/color-convert/-/color-convert-2.0.1.tgz#72d3a68d598c9bdb3af2ad1e84f21d896abd4de3"
  integrity sha512-RRECPsj7iu/xb5oKYcsFHSppFNnsj/52OVTRKb4zP5onXwVF3zVmmToNcOfGC+CRDpfK/U584fMg38ZHCaElKQ==
  dependencies:
    color-name "~1.1.4"

color-name@~1.1.4:
  version "1.1.4"
  resolved "http://npm.guazi-corp.com:4873/color-name/-/color-name-1.1.4.tgz#c2a09a87acbde69543de6f63fa3995c826c536a2"
  integrity sha1-wqCah6y95pVD3m9j+jmVyCbFNqI=

commander@^4.0.1:
  version "4.0.1"
  resolved "http://npm.guazi-corp.com:4873/commander/-/commander-4.0.1.tgz#b67622721785993182e807f4883633e6401ba53c"
  integrity sha1-tnYicheFmTGC6Af0iDYz5kAbpTw=

didyoumean@^1.2.1:
  version "1.2.1"
  resolved "http://npm.guazi-corp.com:4873/didyoumean/-/didyoumean-1.2.1.tgz#e92edfdada6537d484d73c0172fd1eba0c4976ff"
  integrity sha1-6S7f2tplN9SE1zwBcv0eugxJdv8=

has-flag@^4.0.0:
  version "4.0.0"
  resolved "http://npm.guazi-corp.com:4873/has-flag/-/has-flag-4.0.0.tgz#944771fd9c81c81265c4d6941860da06bb59479b"
  integrity sha1-lEdx/ZyByBJlxNaUGGDaBrtZR5s=

semver@^6.3.0:
  version "6.3.0"
  resolved "http://npm.guazi-corp.com:4873/semver/-/semver-6.3.0.tgz#ee0a64c8af5e8ceea67687b133761e1becbd1d3d"
  integrity sha512-b39TBaTSfV6yBrapU89p5fKekE2m/NwnDocOVruQFS1/veMgdzuPcnOM34M6CwxW8jH/lxEa5rBoDeUwu5HHTw==

supports-color@^7.1.0:
  version "7.1.0"
  resolved "http://npm.guazi-corp.com:4873/supports-color/-/supports-color-7.1.0.tgz#68e32591df73e25ad1c4b49108a2ec507962bfd1"
  integrity sha1-aOMlkd9z4lrRxLSRCKLsUHliv9E=
  dependencies:
    has-flag "^4.0.0"

typescript@^3.7.3:
  version "3.7.3"
  resolved "http://npm.guazi-corp.com:4873/typescript/-/typescript-3.7.3.tgz#b36840668a16458a7025b9eabfad11b66ab85c69"
  integrity sha1-s2hAZooWRYpwJbnqv60Rtmq4XGk=
