# THIS IS AN AUTOGENERATED FILE. DO NOT EDIT THIS FILE DIRECTLY.
# yarn lockfile v1


axios@^0.21.1:
  version "0.21.1"
  resolved "https://registry.yarnpkg.com/axios/-/axios-0.21.1.tgz#22563481962f4d6bde9a76d516ef0e5d3c09b2b8"
  integrity sha512-dKQiRHxGD9PPRIUNIWvZhPTPpl1rf/OxTYKsqKUDjBwYylTvV7SjSHJb9ratfyzM6wCdLCOYLzs73qpg5c4iGA==
  dependencies:
    follow-redirects "^1.10.0"

follow-redirects@^1.10.0:
  version "1.13.1"
  resolved "https://registry.yarnpkg.com/follow-redirects/-/follow-redirects-1.13.1.tgz#5f69b813376cee4fd0474a3aba835df04ab763b7"
  integrity sha512-SSG5xmZh1mkPGyKzjZP8zLjltIfpW32Y5QpdNJyjcfGxK3qo3NDDkZOZSFiGn1A6SclQxY9GzEwAHQ3dmYRWpg==

vue-router@^3.0.7:
  version "3.0.7"
  resolved "https://registry.yarnpkg.com/vue-router/-/vue-router-3.0.7.tgz#b36ca107b4acb8ff5bc4ff824584059c23fcb87b"
  integrity sha512-utJ+QR3YlIC/6x6xq17UMXeAfxEvXA0VKD3PiSio7hBOZNusA1jXcbxZxVEfJunLp48oonjTepY8ORoIlRx/EQ==

vue@^2.6.10:
  version "2.6.10"
  resolved "https://registry.yarnpkg.com/vue/-/vue-2.6.10.tgz#a72b1a42a4d82a721ea438d1b6bf55e66195c637"
  integrity sha512-ImThpeNU9HbdZL3utgMCq0oiMzAkt1mcgy3/E6zWC/G6AaQoeuFdsl9nDhTDU3X1R6FK7nsIUuRACVcjI+A2GQ==

vuex@^3.1.1:
  version "3.1.1"
  resolved "https://registry.yarnpkg.com/vuex/-/vuex-3.1.1.tgz#0c264bfe30cdbccf96ab9db3177d211828a5910e"
  integrity sha512-ER5moSbLZuNSMBFnEBVGhQ1uCBNJslH9W/Dw2W7GZN23UQA69uapP5GTT9Vm8Trc0PzBSVt6LzF3hGjmv41xcg==
